
Microsoft Visual Studio Solution File, Format Version 12.00
# Visual Studio Version 17
VisualStudioVersion = 17.5.33627.172
MinimumVisualStudioVersion = 10.0.40219.1
Project("{FAE04EC0-301F-11D3-BF4B-00C04F79EFBC}") = "GP.Ervik.ParticipantManager.Api", "GP.Ervik.ParticipantManager.Api\GP.Ervik.ParticipantManager.Api.csproj", "{C9A35C87-8B8F-46E9-BEDD-CDDCB694F81C}"
EndProject
Project("{FAE04EC0-301F-11D3-BF4B-00C04F79EFBC}") = "GP.Ervik.ParticipantManager.Data", "GP.Ervik.ParticipantManager.Data\GP.Ervik.ParticipantManager.Data.csproj", "{7322AC4B-F111-4BB7-8388-95592366E736}"
EndProject
Global
	GlobalSection(SolutionConfigurationPlatforms) = preSolution
		Debug|Any CPU = Debug|Any CPU
		Release|Any CPU = Release|Any CPU
	EndGlobalSection
	GlobalSection(ProjectConfigurationPlatforms) = postSolution
		{C9A35C87-8B8F-46E9-BEDD-CDDCB694F81C}.Debug|Any CPU.ActiveCfg = Debug|Any CPU
		{C9A35C87-8B8F-46E9-BEDD-CDDCB694F81C}.Debug|Any CPU.Build.0 = Debug|Any CPU
		{C9A35C87-8B8F-46E9-BEDD-CDDCB694F81C}.Release|Any CPU.ActiveCfg = Release|Any CPU
		{C9A35C87-8B8F-46E9-BEDD-CDDCB694F81C}.Release|Any CPU.Build.0 = Release|Any CPU
		{7322AC4B-F111-4BB7-8388-95592366E736}.Debug|Any CPU.ActiveCfg = Debug|Any CPU
		{7322AC4B-F111-4BB7-8388-95592366E736}.Debug|Any CPU.Build.0 = Debug|Any CPU
		{7322AC4B-F111-4BB7-8388-95592366E736}.Release|Any CPU.ActiveCfg = Release|Any CPU
		{7322AC4B-F111-4BB7-8388-95592366E736}.Release|Any CPU.Build.0 = Release|Any CPU
	EndGlobalSection
	GlobalSection(SolutionProperties) = preSolution
		HideSolutionNode = FALSE
	EndGlobalSection
	GlobalSection(ExtensibilityGlobals) = postSolution
		SolutionGuid = {B4BAB8CB-11DC-4639-8867-B07769029E96}
	EndGlobalSection
EndGlobal
